// !$*UTF8*$!
{
	archiveVersion = 1;
	classes = {
	};
	objectVersion = 51;
	objects = {

/* Begin PBXBuildFile section */
		2E48458524CC44010003DFD4 /* Token.swift in Sources */ = {isa = PBXBuildFile; fileRef = 2E48458424CC44010003DFD4 /* Token.swift */; };
		2E48458724CC46380003DFD4 /* UserLogin.swift in Sources */ = {isa = PBXBuildFile; fileRef = 2E48458624CC46380003DFD4 /* UserLogin.swift */; };
		2E48458924CC498B0003DFD4 /* UIViewController+Alert.swift in Sources */ = {isa = PBXBuildFile; fileRef = 2E48458824CC498B0003DFD4 /* UIViewController+Alert.swift */; };
		2E48458C24CC4B640003DFD4 /* Constant.swift in Sources */ = {isa = PBXBuildFile; fileRef = 2E48458B24CC4B640003DFD4 /* Constant.swift */; };
		2E52AF1624CA8ED000BD6CDF /* APIServices.swift in Sources */ = {isa = PBXBuildFile; fileRef = 2E52AF1524CA8ED000BD6CDF /* APIServices.swift */; };
		2E52AF1C24CAA4FB00BD6CDF /* SurveyTableViewCell.swift in Sources */ = {isa = PBXBuildFile; fileRef = 2E52AF1A24CAA4FB00BD6CDF /* SurveyTableViewCell.swift */; };
		2E52AF1D24CAA4FB00BD6CDF /* SurveyTableViewCell.xib in Resources */ = {isa = PBXBuildFile; fileRef = 2E52AF1B24CAA4FB00BD6CDF /* SurveyTableViewCell.xib */; };
		2E52AF2024CAA6AD00BD6CDF /* UIImageView+Extensions.swift in Sources */ = {isa = PBXBuildFile; fileRef = 2E52AF1F24CAA6AD00BD6CDF /* UIImageView+Extensions.swift */; };
		2E52AF2224CAB13100BD6CDF /* UIVIewController+Spinner.swift in Sources */ = {isa = PBXBuildFile; fileRef = 2E52AF2124CAB13100BD6CDF /* UIVIewController+Spinner.swift */; };
		2E52AF2824CAD57800BD6CDF /* VerticalPageControlView.swift in Sources */ = {isa = PBXBuildFile; fileRef = 2E52AF2724CAD57800BD6CDF /* VerticalPageControlView.swift */; };
		2E7B6C5F24CBF37600DB99DA /* ScrollView+Position.swift in Sources */ = {isa = PBXBuildFile; fileRef = 2E7B6C5E24CBF37600DB99DA /* ScrollView+Position.swift */; };
		2E7B6C6124CC198D00DB99DA /* LoadingViewController.swift in Sources */ = {isa = PBXBuildFile; fileRef = 2E7B6C6024CC198D00DB99DA /* LoadingViewController.swift */; };
		2ECCF9ED24C9D94E00912CB9 /* AppDelegate.swift in Sources */ = {isa = PBXBuildFile; fileRef = 2ECCF9EC24C9D94E00912CB9 /* AppDelegate.swift */; };
		2ECCF9F924C9D94F00912CB9 /* LaunchScreen.storyboard in Resources */ = {isa = PBXBuildFile; fileRef = 2ECCF9F724C9D94F00912CB9 /* LaunchScreen.storyboard */; };
		2ECCFA0424C9D94F00912CB9 /* SurveysTests.swift in Sources */ = {isa = PBXBuildFile; fileRef = 2ECCFA0324C9D94F00912CB9 /* SurveysTests.swift */; };
		2ECCFA0F24C9D94F00912CB9 /* SurveysUITests.swift in Sources */ = {isa = PBXBuildFile; fileRef = 2ECCFA0E24C9D94F00912CB9 /* SurveysUITests.swift */; };
		2ECCFA2124C9DD1B00912CB9 /* Main.storyboard in Resources */ = {isa = PBXBuildFile; fileRef = 2ECCFA2024C9DD1B00912CB9 /* Main.storyboard */; };
		2ECCFA2824C9DE7C00912CB9 /* Assets.xcassets in Resources */ = {isa = PBXBuildFile; fileRef = 2ECCFA2624C9DE7C00912CB9 /* Assets.xcassets */; };
		2ECCFA2B24C9E0AF00912CB9 /* Info.plist in Resources */ = {isa = PBXBuildFile; fileRef = 2ECCFA2724C9DE7C00912CB9 /* Info.plist */; };
		2ECCFA2F24C9E5A100912CB9 /* SceneDelegate.swift in Sources */ = {isa = PBXBuildFile; fileRef = 2ECCFA2E24C9E5A100912CB9 /* SceneDelegate.swift */; };
		2ECCFA3124C9E64500912CB9 /* SurveysViewController.swift in Sources */ = {isa = PBXBuildFile; fileRef = 2ECCFA3024C9E64500912CB9 /* SurveysViewController.swift */; };
		2ECCFA3324C9E65200912CB9 /* Survey.swift in Sources */ = {isa = PBXBuildFile; fileRef = 2ECCFA3224C9E65200912CB9 /* Survey.swift */; };
		59DAC9EA43F04956AADEA900 /* Pods_Surveys.framework in Frameworks */ = {isa = PBXBuildFile; fileRef = 85206FE83E79A382C878A04F /* Pods_Surveys.framework */; };
		61A1144FCA3CC8ACF8EC6F5E /* Pods_SurveysTests.framework in Frameworks */ = {isa = PBXBuildFile; fileRef = 3F4D30567F8875F71146F1B1 /* Pods_SurveysTests.framework */; };
		F6D9B7ED5D85DAFA6E458CE0 /* Pods_Surveys_SurveysUITests.framework in Frameworks */ = {isa = PBXBuildFile; fileRef = 7AB70861D415AC28FAB924D8 /* Pods_Surveys_SurveysUITests.framework */; };
/* End PBXBuildFile section */

/* Begin PBXContainerItemProxy section */
		2ECCFA0024C9D94F00912CB9 /* PBXContainerItemProxy */ = {
			isa = PBXContainerItemProxy;
			containerPortal = 2ECCF9E124C9D94E00912CB9 /* Project object */;
			proxyType = 1;
			remoteGlobalIDString = 2ECCF9E824C9D94E00912CB9;
			remoteInfo = Surveys;
		};
		2ECCFA0B24C9D94F00912CB9 /* PBXContainerItemProxy */ = {
			isa = PBXContainerItemProxy;
			containerPortal = 2ECCF9E124C9D94E00912CB9 /* Project object */;
			proxyType = 1;
			remoteGlobalIDString = 2ECCF9E824C9D94E00912CB9;
			remoteInfo = Surveys;
		};
/* End PBXContainerItemProxy section */

/* Begin PBXFileReference section */
		26C3933CA077660B90832A2F /* Pods-Surveys-SurveysUITests.release.xcconfig */ = {isa = PBXFileReference; includeInIndex = 1; lastKnownFileType = text.xcconfig; name = "Pods-Surveys-SurveysUITests.release.xcconfig"; path = "Target Support Files/Pods-Surveys-SurveysUITests/Pods-Surveys-SurveysUITests.release.xcconfig"; sourceTree = "<group>"; };
		2E48458424CC44010003DFD4 /* Token.swift */ = {isa = PBXFileReference; lastKnownFileType = sourcecode.swift; path = Token.swift; sourceTree = "<group>"; };
		2E48458624CC46380003DFD4 /* UserLogin.swift */ = {isa = PBXFileReference; lastKnownFileType = sourcecode.swift; path = UserLogin.swift; sourceTree = "<group>"; };
		2E48458824CC498B0003DFD4 /* UIViewController+Alert.swift */ = {isa = PBXFileReference; lastKnownFileType = sourcecode.swift; path = "UIViewController+Alert.swift"; sourceTree = "<group>"; };
		2E48458B24CC4B640003DFD4 /* Constant.swift */ = {isa = PBXFileReference; lastKnownFileType = sourcecode.swift; path = Constant.swift; sourceTree = "<group>"; };
		2E52AF1524CA8ED000BD6CDF /* APIServices.swift */ = {isa = PBXFileReference; lastKnownFileType = sourcecode.swift; path = APIServices.swift; sourceTree = "<group>"; };
		2E52AF1A24CAA4FB00BD6CDF /* SurveyTableViewCell.swift */ = {isa = PBXFileReference; lastKnownFileType = sourcecode.swift; path = SurveyTableViewCell.swift; sourceTree = "<group>"; };
		2E52AF1B24CAA4FB00BD6CDF /* SurveyTableViewCell.xib */ = {isa = PBXFileReference; lastKnownFileType = file.xib; path = SurveyTableViewCell.xib; sourceTree = "<group>"; };
		2E52AF1F24CAA6AD00BD6CDF /* UIImageView+Extensions.swift */ = {isa = PBXFileReference; lastKnownFileType = sourcecode.swift; path = "UIImageView+Extensions.swift"; sourceTree = "<group>"; };
		2E52AF2124CAB13100BD6CDF /* UIVIewController+Spinner.swift */ = {isa = PBXFileReference; lastKnownFileType = sourcecode.swift; path = "UIVIewController+Spinner.swift"; sourceTree = "<group>"; };
		2E52AF2724CAD57800BD6CDF /* VerticalPageControlView.swift */ = {isa = PBXFileReference; fileEncoding = 4; lastKnownFileType = sourcecode.swift; path = VerticalPageControlView.swift; sourceTree = "<group>"; };
		2E7B6C5E24CBF37600DB99DA /* ScrollView+Position.swift */ = {isa = PBXFileReference; lastKnownFileType = sourcecode.swift; path = "ScrollView+Position.swift"; sourceTree = "<group>"; };
		2E7B6C6024CC198D00DB99DA /* LoadingViewController.swift */ = {isa = PBXFileReference; lastKnownFileType = sourcecode.swift; path = LoadingViewController.swift; sourceTree = "<group>"; };
		2ECCF9E924C9D94E00912CB9 /* Surveys.app */ = {isa = PBXFileReference; explicitFileType = wrapper.application; includeInIndex = 0; path = Surveys.app; sourceTree = BUILT_PRODUCTS_DIR; };
		2ECCF9EC24C9D94E00912CB9 /* AppDelegate.swift */ = {isa = PBXFileReference; lastKnownFileType = sourcecode.swift; path = AppDelegate.swift; sourceTree = "<group>"; };
		2ECCF9F824C9D94F00912CB9 /* Base */ = {isa = PBXFileReference; lastKnownFileType = file.storyboard; name = Base; path = Base.lproj/LaunchScreen.storyboard; sourceTree = "<group>"; };
		2ECCF9FF24C9D94F00912CB9 /* SurveysTests.xctest */ = {isa = PBXFileReference; explicitFileType = wrapper.cfbundle; includeInIndex = 0; path = SurveysTests.xctest; sourceTree = BUILT_PRODUCTS_DIR; };
		2ECCFA0324C9D94F00912CB9 /* SurveysTests.swift */ = {isa = PBXFileReference; lastKnownFileType = sourcecode.swift; path = SurveysTests.swift; sourceTree = "<group>"; };
		2ECCFA0524C9D94F00912CB9 /* Info.plist */ = {isa = PBXFileReference; lastKnownFileType = text.plist.xml; path = Info.plist; sourceTree = "<group>"; };
		2ECCFA0A24C9D94F00912CB9 /* SurveysUITests.xctest */ = {isa = PBXFileReference; explicitFileType = wrapper.cfbundle; includeInIndex = 0; path = SurveysUITests.xctest; sourceTree = BUILT_PRODUCTS_DIR; };
		2ECCFA0E24C9D94F00912CB9 /* SurveysUITests.swift */ = {isa = PBXFileReference; lastKnownFileType = sourcecode.swift; path = SurveysUITests.swift; sourceTree = "<group>"; };
		2ECCFA1024C9D94F00912CB9 /* Info.plist */ = {isa = PBXFileReference; lastKnownFileType = text.plist.xml; path = Info.plist; sourceTree = "<group>"; };
		2ECCFA2024C9DD1B00912CB9 /* Main.storyboard */ = {isa = PBXFileReference; lastKnownFileType = file.storyboard; path = Main.storyboard; sourceTree = "<group>"; };
		2ECCFA2624C9DE7C00912CB9 /* Assets.xcassets */ = {isa = PBXFileReference; lastKnownFileType = folder.assetcatalog; path = Assets.xcassets; sourceTree = "<group>"; };
		2ECCFA2724C9DE7C00912CB9 /* Info.plist */ = {isa = PBXFileReference; fileEncoding = 4; lastKnownFileType = text.plist.xml; path = Info.plist; sourceTree = "<group>"; };
		2ECCFA2E24C9E5A100912CB9 /* SceneDelegate.swift */ = {isa = PBXFileReference; fileEncoding = 4; lastKnownFileType = sourcecode.swift; path = SceneDelegate.swift; sourceTree = "<group>"; };
		2ECCFA3024C9E64500912CB9 /* SurveysViewController.swift */ = {isa = PBXFileReference; lastKnownFileType = sourcecode.swift; path = SurveysViewController.swift; sourceTree = "<group>"; };
		2ECCFA3224C9E65200912CB9 /* Survey.swift */ = {isa = PBXFileReference; lastKnownFileType = sourcecode.swift; path = Survey.swift; sourceTree = "<group>"; };
		3F4D30567F8875F71146F1B1 /* Pods_SurveysTests.framework */ = {isa = PBXFileReference; explicitFileType = wrapper.framework; includeInIndex = 0; path = Pods_SurveysTests.framework; sourceTree = BUILT_PRODUCTS_DIR; };
		40D76D3A8E933C4B6B374103 /* Pods-Surveys-SurveysUITests.debug.xcconfig */ = {isa = PBXFileReference; includeInIndex = 1; lastKnownFileType = text.xcconfig; name = "Pods-Surveys-SurveysUITests.debug.xcconfig"; path = "Target Support Files/Pods-Surveys-SurveysUITests/Pods-Surveys-SurveysUITests.debug.xcconfig"; sourceTree = "<group>"; };
		67EC434B29B7434D88E8D5BC /* Pods-Surveys.debug.xcconfig */ = {isa = PBXFileReference; includeInIndex = 1; lastKnownFileType = text.xcconfig; name = "Pods-Surveys.debug.xcconfig"; path = "Target Support Files/Pods-Surveys/Pods-Surveys.debug.xcconfig"; sourceTree = "<group>"; };
		7AB70861D415AC28FAB924D8 /* Pods_Surveys_SurveysUITests.framework */ = {isa = PBXFileReference; explicitFileType = wrapper.framework; includeInIndex = 0; path = Pods_Surveys_SurveysUITests.framework; sourceTree = BUILT_PRODUCTS_DIR; };
		85206FE83E79A382C878A04F /* Pods_Surveys.framework */ = {isa = PBXFileReference; explicitFileType = wrapper.framework; includeInIndex = 0; path = Pods_Surveys.framework; sourceTree = BUILT_PRODUCTS_DIR; };
		9EF3EB0807A2A26A822AC12F /* Pods-Surveys.release.xcconfig */ = {isa = PBXFileReference; includeInIndex = 1; lastKnownFileType = text.xcconfig; name = "Pods-Surveys.release.xcconfig"; path = "Target Support Files/Pods-Surveys/Pods-Surveys.release.xcconfig"; sourceTree = "<group>"; };
		F4F03D7A567C1004D58124D0 /* Pods-SurveysTests.release.xcconfig */ = {isa = PBXFileReference; includeInIndex = 1; lastKnownFileType = text.xcconfig; name = "Pods-SurveysTests.release.xcconfig"; path = "Target Support Files/Pods-SurveysTests/Pods-SurveysTests.release.xcconfig"; sourceTree = "<group>"; };
		FCA2FE75C4F1A070436AA198 /* Pods-SurveysTests.debug.xcconfig */ = {isa = PBXFileReference; includeInIndex = 1; lastKnownFileType = text.xcconfig; name = "Pods-SurveysTests.debug.xcconfig"; path = "Target Support Files/Pods-SurveysTests/Pods-SurveysTests.debug.xcconfig"; sourceTree = "<group>"; };
/* End PBXFileReference section */

/* Begin PBXFrameworksBuildPhase section */
		2ECCF9E624C9D94E00912CB9 /* Frameworks */ = {
			isa = PBXFrameworksBuildPhase;
			buildActionMask = 2147483647;
			files = (
				59DAC9EA43F04956AADEA900 /* Pods_Surveys.framework in Frameworks */,
			);
			runOnlyForDeploymentPostprocessing = 0;
		};
		2ECCF9FC24C9D94F00912CB9 /* Frameworks */ = {
			isa = PBXFrameworksBuildPhase;
			buildActionMask = 2147483647;
			files = (
				61A1144FCA3CC8ACF8EC6F5E /* Pods_SurveysTests.framework in Frameworks */,
			);
			runOnlyForDeploymentPostprocessing = 0;
		};
		2ECCFA0724C9D94F00912CB9 /* Frameworks */ = {
			isa = PBXFrameworksBuildPhase;
			buildActionMask = 2147483647;
			files = (
				F6D9B7ED5D85DAFA6E458CE0 /* Pods_Surveys_SurveysUITests.framework in Frameworks */,
			);
			runOnlyForDeploymentPostprocessing = 0;
		};
/* End PBXFrameworksBuildPhase section */

/* Begin PBXGroup section */
		1734954AF29B0C44CCE9A274 /* Frameworks */ = {
			isa = PBXGroup;
			children = (
				85206FE83E79A382C878A04F /* Pods_Surveys.framework */,
				7AB70861D415AC28FAB924D8 /* Pods_Surveys_SurveysUITests.framework */,
				3F4D30567F8875F71146F1B1 /* Pods_SurveysTests.framework */,
			);
			name = Frameworks;
			sourceTree = "<group>";
		};
		2E48458A24CC4B5A0003DFD4 /* Constants */ = {
			isa = PBXGroup;
			children = (
				2E48458B24CC4B640003DFD4 /* Constant.swift */,
			);
			path = Constants;
			sourceTree = "<group>";
		};
		2E52AF1424CA8EB200BD6CDF /* Services */ = {
			isa = PBXGroup;
			children = (
				2E52AF1524CA8ED000BD6CDF /* APIServices.swift */,
			);
			path = Services;
			sourceTree = "<group>";
		};
		2E52AF1724CAA44700BD6CDF /* SurveyTableViewCell */ = {
			isa = PBXGroup;
			children = (
				2E52AF1A24CAA4FB00BD6CDF /* SurveyTableViewCell.swift */,
				2E52AF1B24CAA4FB00BD6CDF /* SurveyTableViewCell.xib */,
			);
			path = SurveyTableViewCell;
			sourceTree = "<group>";
		};
		2E52AF1E24CAA62E00BD6CDF /* Extensions */ = {
			isa = PBXGroup;
			children = (
				2E52AF1F24CAA6AD00BD6CDF /* UIImageView+Extensions.swift */,
				2E52AF2124CAB13100BD6CDF /* UIVIewController+Spinner.swift */,
				2E7B6C5E24CBF37600DB99DA /* ScrollView+Position.swift */,
				2E48458824CC498B0003DFD4 /* UIViewController+Alert.swift */,
			);
			path = Extensions;
			sourceTree = "<group>";
		};
		2E52AF2624CAD57800BD6CDF /* VerticalPageControlView */ = {
			isa = PBXGroup;
			children = (
				2E52AF2724CAD57800BD6CDF /* VerticalPageControlView.swift */,
			);
			path = VerticalPageControlView;
			sourceTree = "<group>";
		};
		2ECCF9E024C9D94E00912CB9 = {
			isa = PBXGroup;
			children = (
				2ECCF9EB24C9D94E00912CB9 /* Surveys */,
				2ECCFA0224C9D94F00912CB9 /* SurveysTests */,
				2ECCFA0D24C9D94F00912CB9 /* SurveysUITests */,
				2ECCF9EA24C9D94E00912CB9 /* Products */,
				78763771C1FC7AD3441A4184 /* Pods */,
				1734954AF29B0C44CCE9A274 /* Frameworks */,
			);
			sourceTree = "<group>";
		};
		2ECCF9EA24C9D94E00912CB9 /* Products */ = {
			isa = PBXGroup;
			children = (
				2ECCF9E924C9D94E00912CB9 /* Surveys.app */,
				2ECCF9FF24C9D94F00912CB9 /* SurveysTests.xctest */,
				2ECCFA0A24C9D94F00912CB9 /* SurveysUITests.xctest */,
			);
			name = Products;
			sourceTree = "<group>";
		};
		2ECCF9EB24C9D94E00912CB9 /* Surveys */ = {
			isa = PBXGroup;
			children = (
				2ECCFA1C24C9DCBE00912CB9 /* Models */,
				2ECCFA1F24C9DCBE00912CB9 /* ViewControllers */,
				2ECCFA1D24C9DCBE00912CB9 /* Views */,
				2ECCF9EC24C9D94E00912CB9 /* AppDelegate.swift */,
				2ECCFA2E24C9E5A100912CB9 /* SceneDelegate.swift */,
				2ECCF9F724C9D94F00912CB9 /* LaunchScreen.storyboard */,
				2E48458A24CC4B5A0003DFD4 /* Constants */,
				2E52AF1E24CAA62E00BD6CDF /* Extensions */,
				2E52AF1424CA8EB200BD6CDF /* Services */,
				2ECCFA2524C9DE7C00912CB9 /* Supporting Files */,
			);
			path = Surveys;
			sourceTree = "<group>";
		};
		2ECCFA0224C9D94F00912CB9 /* SurveysTests */ = {
			isa = PBXGroup;
			children = (
				2ECCFA0324C9D94F00912CB9 /* SurveysTests.swift */,
				2ECCFA0524C9D94F00912CB9 /* Info.plist */,
			);
			path = SurveysTests;
			sourceTree = "<group>";
		};
		2ECCFA0D24C9D94F00912CB9 /* SurveysUITests */ = {
			isa = PBXGroup;
			children = (
				2ECCFA0E24C9D94F00912CB9 /* SurveysUITests.swift */,
				2ECCFA1024C9D94F00912CB9 /* Info.plist */,
			);
			path = SurveysUITests;
			sourceTree = "<group>";
		};
		2ECCFA1C24C9DCBE00912CB9 /* Models */ = {
			isa = PBXGroup;
			children = (
				2ECCFA3224C9E65200912CB9 /* Survey.swift */,
				2E48458424CC44010003DFD4 /* Token.swift */,
				2E48458624CC46380003DFD4 /* UserLogin.swift */,
			);
			path = Models;
			sourceTree = "<group>";
		};
		2ECCFA1D24C9DCBE00912CB9 /* Views */ = {
			isa = PBXGroup;
			children = (
				2E52AF2624CAD57800BD6CDF /* VerticalPageControlView */,
				2E52AF1724CAA44700BD6CDF /* SurveyTableViewCell */,
				2ECCFA1E24C9DCBE00912CB9 /* Storyboards */,
			);
			path = Views;
			sourceTree = "<group>";
		};
		2ECCFA1E24C9DCBE00912CB9 /* Storyboards */ = {
			isa = PBXGroup;
			children = (
				2ECCFA2024C9DD1B00912CB9 /* Main.storyboard */,
			);
			path = Storyboards;
			sourceTree = "<group>";
		};
		2ECCFA1F24C9DCBE00912CB9 /* ViewControllers */ = {
			isa = PBXGroup;
			children = (
				2ECCFA3024C9E64500912CB9 /* SurveysViewController.swift */,
				2E7B6C6024CC198D00DB99DA /* LoadingViewController.swift */,
			);
			path = ViewControllers;
			sourceTree = "<group>";
		};
		2ECCFA2524C9DE7C00912CB9 /* Supporting Files */ = {
			isa = PBXGroup;
			children = (
				2ECCFA2624C9DE7C00912CB9 /* Assets.xcassets */,
				2ECCFA2724C9DE7C00912CB9 /* Info.plist */,
			);
			path = "Supporting Files";
			sourceTree = "<group>";
		};
		78763771C1FC7AD3441A4184 /* Pods */ = {
			isa = PBXGroup;
			children = (
				67EC434B29B7434D88E8D5BC /* Pods-Surveys.debug.xcconfig */,
				9EF3EB0807A2A26A822AC12F /* Pods-Surveys.release.xcconfig */,
				40D76D3A8E933C4B6B374103 /* Pods-Surveys-SurveysUITests.debug.xcconfig */,
				26C3933CA077660B90832A2F /* Pods-Surveys-SurveysUITests.release.xcconfig */,
				FCA2FE75C4F1A070436AA198 /* Pods-SurveysTests.debug.xcconfig */,
				F4F03D7A567C1004D58124D0 /* Pods-SurveysTests.release.xcconfig */,
			);
			path = Pods;
			sourceTree = "<group>";
		};
/* End PBXGroup section */

/* Begin PBXNativeTarget section */
		2ECCF9E824C9D94E00912CB9 /* Surveys */ = {
			isa = PBXNativeTarget;
			buildConfigurationList = 2ECCFA1324C9D94F00912CB9 /* Build configuration list for PBXNativeTarget "Surveys" */;
			buildPhases = (
				336A96BB0B4021F76A4939AC /* [CP] Check Pods Manifest.lock */,
				2ECCF9E524C9D94E00912CB9 /* Sources */,
				2ECCF9E624C9D94E00912CB9 /* Frameworks */,
				2ECCF9E724C9D94E00912CB9 /* Resources */,
				8F0C23339DBEFAF8F21FBE84 /* [CP] Embed Pods Frameworks */,
			);
			buildRules = (
			);
			dependencies = (
			);
			name = Surveys;
			productName = Surveys;
			productReference = 2ECCF9E924C9D94E00912CB9 /* Surveys.app */;
			productType = "com.apple.product-type.application";
		};
		2ECCF9FE24C9D94F00912CB9 /* SurveysTests */ = {
			isa = PBXNativeTarget;
			buildConfigurationList = 2ECCFA1624C9D94F00912CB9 /* Build configuration list for PBXNativeTarget "SurveysTests" */;
			buildPhases = (
				1F2144DFF51EDFA9D733BB38 /* [CP] Check Pods Manifest.lock */,
				2ECCF9FB24C9D94F00912CB9 /* Sources */,
				2ECCF9FC24C9D94F00912CB9 /* Frameworks */,
				2ECCF9FD24C9D94F00912CB9 /* Resources */,
			);
			buildRules = (
			);
			dependencies = (
				2ECCFA0124C9D94F00912CB9 /* PBXTargetDependency */,
			);
			name = SurveysTests;
			productName = SurveysTests;
			productReference = 2ECCF9FF24C9D94F00912CB9 /* SurveysTests.xctest */;
			productType = "com.apple.product-type.bundle.unit-test";
		};
		2ECCFA0924C9D94F00912CB9 /* SurveysUITests */ = {
			isa = PBXNativeTarget;
			buildConfigurationList = 2ECCFA1924C9D94F00912CB9 /* Build configuration list for PBXNativeTarget "SurveysUITests" */;
			buildPhases = (
				F10417A6F259372A5157CD10 /* [CP] Check Pods Manifest.lock */,
				2ECCFA0624C9D94F00912CB9 /* Sources */,
				2ECCFA0724C9D94F00912CB9 /* Frameworks */,
				2ECCFA0824C9D94F00912CB9 /* Resources */,
				CAEA4FB0CE9CE7C004C36967 /* [CP] Embed Pods Frameworks */,
			);
			buildRules = (
			);
			dependencies = (
				2ECCFA0C24C9D94F00912CB9 /* PBXTargetDependency */,
			);
			name = SurveysUITests;
			productName = SurveysUITests;
			productReference = 2ECCFA0A24C9D94F00912CB9 /* SurveysUITests.xctest */;
			productType = "com.apple.product-type.bundle.ui-testing";
		};
/* End PBXNativeTarget section */

/* Begin PBXProject section */
		2ECCF9E124C9D94E00912CB9 /* Project object */ = {
			isa = PBXProject;
			attributes = {
				LastSwiftUpdateCheck = 1140;
				LastUpgradeCheck = 1140;
				ORGANIZATIONNAME = "Trung Vo";
				TargetAttributes = {
					2ECCF9E824C9D94E00912CB9 = {
						CreatedOnToolsVersion = 11.4.1;
					};
					2ECCF9FE24C9D94F00912CB9 = {
						CreatedOnToolsVersion = 11.4.1;
						TestTargetID = 2ECCF9E824C9D94E00912CB9;
					};
					2ECCFA0924C9D94F00912CB9 = {
						CreatedOnToolsVersion = 11.4.1;
						TestTargetID = 2ECCF9E824C9D94E00912CB9;
					};
				};
			};
			buildConfigurationList = 2ECCF9E424C9D94E00912CB9 /* Build configuration list for PBXProject "Surveys" */;
			compatibilityVersion = "Xcode 9.3";
			developmentRegion = en;
			hasScannedForEncodings = 0;
			knownRegions = (
				en,
				Base,
			);
			mainGroup = 2ECCF9E024C9D94E00912CB9;
			productRefGroup = 2ECCF9EA24C9D94E00912CB9 /* Products */;
			projectDirPath = "";
			projectRoot = "";
			targets = (
				2ECCF9E824C9D94E00912CB9 /* Surveys */,
				2ECCF9FE24C9D94F00912CB9 /* SurveysTests */,
				2ECCFA0924C9D94F00912CB9 /* SurveysUITests */,
			);
		};
/* End PBXProject section */

/* Begin PBXResourcesBuildPhase section */
		2ECCF9E724C9D94E00912CB9 /* Resources */ = {
			isa = PBXResourcesBuildPhase;
			buildActionMask = 2147483647;
			files = (
				2E52AF1D24CAA4FB00BD6CDF /* SurveyTableViewCell.xib in Resources */,
				2ECCFA2B24C9E0AF00912CB9 /* Info.plist in Resources */,
				2ECCFA2124C9DD1B00912CB9 /* Main.storyboard in Resources */,
				2ECCFA2824C9DE7C00912CB9 /* Assets.xcassets in Resources */,
				2ECCF9F924C9D94F00912CB9 /* LaunchScreen.storyboard in Resources */,
			);
			runOnlyForDeploymentPostprocessing = 0;
		};
		2ECCF9FD24C9D94F00912CB9 /* Resources */ = {
			isa = PBXResourcesBuildPhase;
			buildActionMask = 2147483647;
			files = (
			);
			runOnlyForDeploymentPostprocessing = 0;
		};
		2ECCFA0824C9D94F00912CB9 /* Resources */ = {
			isa = PBXResourcesBuildPhase;
			buildActionMask = 2147483647;
			files = (
			);
			runOnlyForDeploymentPostprocessing = 0;
		};
/* End PBXResourcesBuildPhase section */

/* Begin PBXShellScriptBuildPhase section */
		1F2144DFF51EDFA9D733BB38 /* [CP] Check Pods Manifest.lock */ = {
			isa = PBXShellScriptBuildPhase;
			buildActionMask = 2147483647;
			files = (
			);
			inputFileListPaths = (
			);
			inputPaths = (
				"${PODS_PODFILE_DIR_PATH}/Podfile.lock",
				"${PODS_ROOT}/Manifest.lock",
			);
			name = "[CP] Check Pods Manifest.lock";
			outputFileListPaths = (
			);
			outputPaths = (
				"$(DERIVED_FILE_DIR)/Pods-SurveysTests-checkManifestLockResult.txt",
			);
			runOnlyForDeploymentPostprocessing = 0;
			shellPath = /bin/sh;
			shellScript = "diff \"${PODS_PODFILE_DIR_PATH}/Podfile.lock\" \"${PODS_ROOT}/Manifest.lock\" > /dev/null\nif [ $? != 0 ] ; then\n    # print error to STDERR\n    echo \"error: The sandbox is not in sync with the Podfile.lock. Run 'pod install' or update your CocoaPods installation.\" >&2\n    exit 1\nfi\n# This output is used by Xcode 'outputs' to avoid re-running this script phase.\necho \"SUCCESS\" > \"${SCRIPT_OUTPUT_FILE_0}\"\n";
			showEnvVarsInLog = 0;
		};
		336A96BB0B4021F76A4939AC /* [CP] Check Pods Manifest.lock */ = {
			isa = PBXShellScriptBuildPhase;
			buildActionMask = 2147483647;
			files = (
			);
			inputFileListPaths = (
			);
			inputPaths = (
				"${PODS_PODFILE_DIR_PATH}/Podfile.lock",
				"${PODS_ROOT}/Manifest.lock",
			);
			name = "[CP] Check Pods Manifest.lock";
			outputFileListPaths = (
			);
			outputPaths = (
				"$(DERIVED_FILE_DIR)/Pods-Surveys-checkManifestLockResult.txt",
			);
			runOnlyForDeploymentPostprocessing = 0;
			shellPath = /bin/sh;
			shellScript = "diff \"${PODS_PODFILE_DIR_PATH}/Podfile.lock\" \"${PODS_ROOT}/Manifest.lock\" > /dev/null\nif [ $? != 0 ] ; then\n    # print error to STDERR\n    echo \"error: The sandbox is not in sync with the Podfile.lock. Run 'pod install' or update your CocoaPods installation.\" >&2\n    exit 1\nfi\n# This output is used by Xcode 'outputs' to avoid re-running this script phase.\necho \"SUCCESS\" > \"${SCRIPT_OUTPUT_FILE_0}\"\n";
			showEnvVarsInLog = 0;
		};
		8F0C23339DBEFAF8F21FBE84 /* [CP] Embed Pods Frameworks */ = {
			isa = PBXShellScriptBuildPhase;
			buildActionMask = 2147483647;
			files = (
			);
			inputFileListPaths = (
				"${PODS_ROOT}/Target Support Files/Pods-Surveys/Pods-Surveys-frameworks-${CONFIGURATION}-input-files.xcfilelist",
			);
			name = "[CP] Embed Pods Frameworks";
			outputFileListPaths = (
				"${PODS_ROOT}/Target Support Files/Pods-Surveys/Pods-Surveys-frameworks-${CONFIGURATION}-output-files.xcfilelist",
			);
			runOnlyForDeploymentPostprocessing = 0;
			shellPath = /bin/sh;
			shellScript = "\"${PODS_ROOT}/Target Support Files/Pods-Surveys/Pods-Surveys-frameworks.sh\"\n";
			showEnvVarsInLog = 0;
		};
		CAEA4FB0CE9CE7C004C36967 /* [CP] Embed Pods Frameworks */ = {
			isa = PBXShellScriptBuildPhase;
			buildActionMask = 2147483647;
			files = (
			);
			inputFileListPaths = (
				"${PODS_ROOT}/Target Support Files/Pods-Surveys-SurveysUITests/Pods-Surveys-SurveysUITests-frameworks-${CONFIGURATION}-input-files.xcfilelist",
			);
			name = "[CP] Embed Pods Frameworks";
			outputFileListPaths = (
				"${PODS_ROOT}/Target Support Files/Pods-Surveys-SurveysUITests/Pods-Surveys-SurveysUITests-frameworks-${CONFIGURATION}-output-files.xcfilelist",
			);
			runOnlyForDeploymentPostprocessing = 0;
			shellPath = /bin/sh;
			shellScript = "\"${PODS_ROOT}/Target Support Files/Pods-Surveys-SurveysUITests/Pods-Surveys-SurveysUITests-frameworks.sh\"\n";
			showEnvVarsInLog = 0;
		};
		F10417A6F259372A5157CD10 /* [CP] Check Pods Manifest.lock */ = {
			isa = PBXShellScriptBuildPhase;
			buildActionMask = 2147483647;
			files = (
			);
			inputFileListPaths = (
			);
			inputPaths = (
				"${PODS_PODFILE_DIR_PATH}/Podfile.lock",
				"${PODS_ROOT}/Manifest.lock",
			);
			name = "[CP] Check Pods Manifest.lock";
			outputFileListPaths = (
			);
			outputPaths = (
				"$(DERIVED_FILE_DIR)/Pods-Surveys-SurveysUITests-checkManifestLockResult.txt",
			);
			runOnlyForDeploymentPostprocessing = 0;
			shellPath = /bin/sh;
			shellScript = "diff \"${PODS_PODFILE_DIR_PATH}/Podfile.lock\" \"${PODS_ROOT}/Manifest.lock\" > /dev/null\nif [ $? != 0 ] ; then\n    # print error to STDERR\n    echo \"error: The sandbox is not in sync with the Podfile.lock. Run 'pod install' or update your CocoaPods installation.\" >&2\n    exit 1\nfi\n# This output is used by Xcode 'outputs' to avoid re-running this script phase.\necho \"SUCCESS\" > \"${SCRIPT_OUTPUT_FILE_0}\"\n";
			showEnvVarsInLog = 0;
		};
/* End PBXShellScriptBuildPhase section */

/* Begin PBXSourcesBuildPhase section */
		2ECCF9E524C9D94E00912CB9 /* Sources */ = {
			isa = PBXSourcesBuildPhase;
			buildActionMask = 2147483647;
			files = (
				2E52AF2224CAB13100BD6CDF /* UIVIewController+Spinner.swift in Sources */,
				2ECCF9ED24C9D94E00912CB9 /* AppDelegate.swift in Sources */,
				2E48458C24CC4B640003DFD4 /* Constant.swift in Sources */,
				2E52AF2024CAA6AD00BD6CDF /* UIImageView+Extensions.swift in Sources */,
				2E48458524CC44010003DFD4 /* Token.swift in Sources */,
				2E52AF1C24CAA4FB00BD6CDF /* SurveyTableViewCell.swift in Sources */,
				2ECCFA3324C9E65200912CB9 /* Survey.swift in Sources */,
				2E52AF2824CAD57800BD6CDF /* VerticalPageControlView.swift in Sources */,
				2E48458724CC46380003DFD4 /* UserLogin.swift in Sources */,
				2ECCFA2F24C9E5A100912CB9 /* SceneDelegate.swift in Sources */,
				2ECCFA3124C9E64500912CB9 /* SurveysViewController.swift in Sources */,
				2E7B6C6124CC198D00DB99DA /* LoadingViewController.swift in Sources */,
				2E7B6C5F24CBF37600DB99DA /* ScrollView+Position.swift in Sources */,
				2E52AF1624CA8ED000BD6CDF /* APIServices.swift in Sources */,
				2E48458924CC498B0003DFD4 /* UIViewController+Alert.swift in Sources */,
			);
			runOnlyForDeploymentPostprocessing = 0;
		};
		2ECCF9FB24C9D94F00912CB9 /* Sources */ = {
			isa = PBXSourcesBuildPhase;
			buildActionMask = 2147483647;
			files = (
				2ECCFA0424C9D94F00912CB9 /* SurveysTests.swift in Sources */,
			);
			runOnlyForDeploymentPostprocessing = 0;
		};
		2ECCFA0624C9D94F00912CB9 /* Sources */ = {
			isa = PBXSourcesBuildPhase;
			buildActionMask = 2147483647;
			files = (
				2ECCFA0F24C9D94F00912CB9 /* SurveysUITests.swift in Sources */,
			);
			runOnlyForDeploymentPostprocessing = 0;
		};
/* End PBXSourcesBuildPhase section */

/* Begin PBXTargetDependency section */
		2ECCFA0124C9D94F00912CB9 /* PBXTargetDependency */ = {
			isa = PBXTargetDependency;
			target = 2ECCF9E824C9D94E00912CB9 /* Surveys */;
			targetProxy = 2ECCFA0024C9D94F00912CB9 /* PBXContainerItemProxy */;
		};
		2ECCFA0C24C9D94F00912CB9 /* PBXTargetDependency */ = {
			isa = PBXTargetDependency;
			target = 2ECCF9E824C9D94E00912CB9 /* Surveys */;
			targetProxy = 2ECCFA0B24C9D94F00912CB9 /* PBXContainerItemProxy */;
		};
/* End PBXTargetDependency section */

/* Begin PBXVariantGroup section */
		2ECCF9F724C9D94F00912CB9 /* LaunchScreen.storyboard */ = {
			isa = PBXVariantGroup;
			children = (
				2ECCF9F824C9D94F00912CB9 /* Base */,
			);
			name = LaunchScreen.storyboard;
			sourceTree = "<group>";
		};
/* End PBXVariantGroup section */

/* Begin XCBuildConfiguration section */
		2ECCFA1124C9D94F00912CB9 /* Debug */ = {
			isa = XCBuildConfiguration;
			buildSettings = {
				ALWAYS_SEARCH_USER_PATHS = NO;
				CLANG_ANALYZER_NONNULL = YES;
				CLANG_ANALYZER_NUMBER_OBJECT_CONVERSION = YES_AGGRESSIVE;
				CLANG_CXX_LANGUAGE_STANDARD = "gnu++14";
				CLANG_CXX_LIBRARY = "libc++";
				CLANG_ENABLE_MODULES = YES;
				CLANG_ENABLE_OBJC_ARC = YES;
				CLANG_ENABLE_OBJC_WEAK = YES;
				CLANG_WARN_BLOCK_CAPTURE_AUTORELEASING = YES;
				CLANG_WARN_BOOL_CONVERSION = YES;
				CLANG_WARN_COMMA = YES;
				CLANG_WARN_CONSTANT_CONVERSION = YES;
				CLANG_WARN_DEPRECATED_OBJC_IMPLEMENTATIONS = YES;
				CLANG_WARN_DIRECT_OBJC_ISA_USAGE = YES_ERROR;
				CLANG_WARN_DOCUMENTATION_COMMENTS = YES;
				CLANG_WARN_EMPTY_BODY = YES;
				CLANG_WARN_ENUM_CONVERSION = YES;
				CLANG_WARN_INFINITE_RECURSION = YES;
				CLANG_WARN_INT_CONVERSION = YES;
				CLANG_WARN_NON_LITERAL_NULL_CONVERSION = YES;
				CLANG_WARN_OBJC_IMPLICIT_RETAIN_SELF = YES;
				CLANG_WARN_OBJC_LITERAL_CONVERSION = YES;
				CLANG_WARN_OBJC_ROOT_CLASS = YES_ERROR;
				CLANG_WARN_RANGE_LOOP_ANALYSIS = YES;
				CLANG_WARN_STRICT_PROTOTYPES = YES;
				CLANG_WARN_SUSPICIOUS_MOVE = YES;
				CLANG_WARN_UNGUARDED_AVAILABILITY = YES_AGGRESSIVE;
				CLANG_WARN_UNREACHABLE_CODE = YES;
				CLANG_WARN__DUPLICATE_METHOD_MATCH = YES;
				COPY_PHASE_STRIP = NO;
				DEBUG_INFORMATION_FORMAT = dwarf;
				ENABLE_STRICT_OBJC_MSGSEND = YES;
				ENABLE_TESTABILITY = YES;
				GCC_C_LANGUAGE_STANDARD = gnu11;
				GCC_DYNAMIC_NO_PIC = NO;
				GCC_NO_COMMON_BLOCKS = YES;
				GCC_OPTIMIZATION_LEVEL = 0;
				GCC_PREPROCESSOR_DEFINITIONS = (
					"DEBUG=1",
					"$(inherited)",
				);
				GCC_WARN_64_TO_32_BIT_CONVERSION = YES;
				GCC_WARN_ABOUT_RETURN_TYPE = YES_ERROR;
				GCC_WARN_UNDECLARED_SELECTOR = YES;
				GCC_WARN_UNINITIALIZED_AUTOS = YES_AGGRESSIVE;
				GCC_WARN_UNUSED_FUNCTION = YES;
				GCC_WARN_UNUSED_VARIABLE = YES;
				IPHONEOS_DEPLOYMENT_TARGET = 13.4;
				MTL_ENABLE_DEBUG_INFO = INCLUDE_SOURCE;
				MTL_FAST_MATH = YES;
				ONLY_ACTIVE_ARCH = YES;
				SDKROOT = iphoneos;
				SWIFT_ACTIVE_COMPILATION_CONDITIONS = DEBUG;
				SWIFT_OPTIMIZATION_LEVEL = "-Onone";
			};
			name = Debug;
		};
		2ECCFA1224C9D94F00912CB9 /* Release */ = {
			isa = XCBuildConfiguration;
			buildSettings = {
				ALWAYS_SEARCH_USER_PATHS = NO;
				CLANG_ANALYZER_NONNULL = YES;
				CLANG_ANALYZER_NUMBER_OBJECT_CONVERSION = YES_AGGRESSIVE;
				CLANG_CXX_LANGUAGE_STANDARD = "gnu++14";
				CLANG_CXX_LIBRARY = "libc++";
				CLANG_ENABLE_MODULES = YES;
				CLANG_ENABLE_OBJC_ARC = YES;
				CLANG_ENABLE_OBJC_WEAK = YES;
				CLANG_WARN_BLOCK_CAPTURE_AUTORELEASING = YES;
				CLANG_WARN_BOOL_CONVERSION = YES;
				CLANG_WARN_COMMA = YES;
				CLANG_WARN_CONSTANT_CONVERSION = YES;
				CLANG_WARN_DEPRECATED_OBJC_IMPLEMENTATIONS = YES;
				CLANG_WARN_DIRECT_OBJC_ISA_USAGE = YES_ERROR;
				CLANG_WARN_DOCUMENTATION_COMMENTS = YES;
				CLANG_WARN_EMPTY_BODY = YES;
				CLANG_WARN_ENUM_CONVERSION = YES;
				CLANG_WARN_INFINITE_RECURSION = YES;
				CLANG_WARN_INT_CONVERSION = YES;
				CLANG_WARN_NON_LITERAL_NULL_CONVERSION = YES;
				CLANG_WARN_OBJC_IMPLICIT_RETAIN_SELF = YES;
				CLANG_WARN_OBJC_LITERAL_CONVERSION = YES;
				CLANG_WARN_OBJC_ROOT_CLASS = YES_ERROR;
				CLANG_WARN_RANGE_LOOP_ANALYSIS = YES;
				CLANG_WARN_STRICT_PROTOTYPES = YES;
				CLANG_WARN_SUSPICIOUS_MOVE = YES;
				CLANG_WARN_UNGUARDED_AVAILABILITY = YES_AGGRESSIVE;
				CLANG_WARN_UNREACHABLE_CODE = YES;
				CLANG_WARN__DUPLICATE_METHOD_MATCH = YES;
				COPY_PHASE_STRIP = NO;
				DEBUG_INFORMATION_FORMAT = "dwarf-with-dsym";
				ENABLE_NS_ASSERTIONS = NO;
				ENABLE_STRICT_OBJC_MSGSEND = YES;
				GCC_C_LANGUAGE_STANDARD = gnu11;
				GCC_NO_COMMON_BLOCKS = YES;
				GCC_WARN_64_TO_32_BIT_CONVERSION = YES;
				GCC_WARN_ABOUT_RETURN_TYPE = YES_ERROR;
				GCC_WARN_UNDECLARED_SELECTOR = YES;
				GCC_WARN_UNINITIALIZED_AUTOS = YES_AGGRESSIVE;
				GCC_WARN_UNUSED_FUNCTION = YES;
				GCC_WARN_UNUSED_VARIABLE = YES;
				IPHONEOS_DEPLOYMENT_TARGET = 13.4;
				MTL_ENABLE_DEBUG_INFO = NO;
				MTL_FAST_MATH = YES;
				SDKROOT = iphoneos;
				SWIFT_COMPILATION_MODE = wholemodule;
				SWIFT_OPTIMIZATION_LEVEL = "-O";
				VALIDATE_PRODUCT = YES;
			};
			name = Release;
		};
		2ECCFA1424C9D94F00912CB9 /* Debug */ = {
			isa = XCBuildConfiguration;
			baseConfigurationReference = 67EC434B29B7434D88E8D5BC /* Pods-Surveys.debug.xcconfig */;
			buildSettings = {
				ASSETCATALOG_COMPILER_APPICON_NAME = AppIcon;
				CODE_SIGN_STYLE = Automatic;
				INFOPLIST_FILE = "Surveys/Supporting Files/Info.plist";
				IPHONEOS_DEPLOYMENT_TARGET = 10.0;
				LD_RUNPATH_SEARCH_PATHS = (
					"$(inherited)",
					"@executable_path/Frameworks",
				);
				PRODUCT_BUNDLE_IDENTIFIER = "Trung-Vo.Surveys";
				PRODUCT_NAME = "$(TARGET_NAME)";
				SWIFT_VERSION = 5.0;
				TARGETED_DEVICE_FAMILY = "1,2";
			};
			name = Debug;
		};
		2ECCFA1524C9D94F00912CB9 /* Release */ = {
			isa = XCBuildConfiguration;
			baseConfigurationReference = 9EF3EB0807A2A26A822AC12F /* Pods-Surveys.release.xcconfig */;
			buildSettings = {
				ASSETCATALOG_COMPILER_APPICON_NAME = AppIcon;
				CODE_SIGN_STYLE = Automatic;
				INFOPLIST_FILE = "Surveys/Supporting Files/Info.plist";
				IPHONEOS_DEPLOYMENT_TARGET = 10.0;
				LD_RUNPATH_SEARCH_PATHS = (
					"$(inherited)",
					"@executable_path/Frameworks",
				);
				PRODUCT_BUNDLE_IDENTIFIER = "Trung-Vo.Surveys";
				PRODUCT_NAME = "$(TARGET_NAME)";
				SWIFT_VERSION = 5.0;
				TARGETED_DEVICE_FAMILY = "1,2";
			};
			name = Release;
		};
		2ECCFA1724C9D94F00912CB9 /* Debug */ = {
			isa = XCBuildConfiguration;
			baseConfigurationReference = FCA2FE75C4F1A070436AA198 /* Pods-SurveysTests.debug.xcconfig */;
			buildSettings = {
				ALWAYS_EMBED_SWIFT_STANDARD_LIBRARIES = YES;
				BUNDLE_LOADER = "$(TEST_HOST)";
				CODE_SIGN_STYLE = Automatic;
				INFOPLIST_FILE = SurveysTests/Info.plist;
				IPHONEOS_DEPLOYMENT_TARGET = 13.4;
				LD_RUNPATH_SEARCH_PATHS = (
					"$(inherited)",
					"@executable_path/Frameworks",
					"@loader_path/Frameworks",
				);
				PRODUCT_BUNDLE_IDENTIFIER = "Trung-Vo.SurveysTests";
				PRODUCT_NAME = "$(TARGET_NAME)";
				SWIFT_VERSION = 5.0;
				TARGETED_DEVICE_FAMILY = "1,2";
				TEST_HOST = "$(BUILT_PRODUCTS_DIR)/Surveys.app/Surveys";
			};
			name = Debug;
		};
		2ECCFA1824C9D94F00912CB9 /* Release */ = {
			isa = XCBuildConfiguration;
			baseConfigurationReference = F4F03D7A567C1004D58124D0 /* Pods-SurveysTests.release.xcconfig */;
			buildSettings = {
				ALWAYS_EMBED_SWIFT_STANDARD_LIBRARIES = YES;
				BUNDLE_LOADER = "$(TEST_HOST)";
				CODE_SIGN_STYLE = Automatic;
				INFOPLIST_FILE = SurveysTests/Info.plist;
				IPHONEOS_DEPLOYMENT_TARGET = 13.4;
				LD_RUNPATH_SEARCH_PATHS = (
					"$(inherited)",
					"@executable_path/Frameworks",
					"@loader_path/Frameworks",
				);
				PRODUCT_BUNDLE_IDENTIFIER = "Trung-Vo.SurveysTests";
				PRODUCT_NAME = "$(TARGET_NAME)";
				SWIFT_VERSION = 5.0;
				TARGETED_DEVICE_FAMILY = "1,2";
				TEST_HOST = "$(BUILT_PRODUCTS_DIR)/Surveys.app/Surveys";
			};
			name = Release;
		};
		2ECCFA1A24C9D94F00912CB9 /* Debug */ = {
			isa = XCBuildConfiguration;
			baseConfigurationReference = 40D76D3A8E933C4B6B374103 /* Pods-Surveys-SurveysUITests.debug.xcconfig */;
			buildSettings = {
				ALWAYS_EMBED_SWIFT_STANDARD_LIBRARIES = YES;
				CODE_SIGN_STYLE = Automatic;
				INFOPLIST_FILE = SurveysUITests/Info.plist;
				LD_RUNPATH_SEARCH_PATHS = (
					"$(inherited)",
					"@executable_path/Frameworks",
					"@loader_path/Frameworks",
				);
				PRODUCT_BUNDLE_IDENTIFIER = "Trung-Vo.SurveysUITests";
				PRODUCT_NAME = "$(TARGET_NAME)";
				SWIFT_VERSION = 5.0;
				TARGETED_DEVICE_FAMILY = "1,2";
				TEST_TARGET_NAME = Surveys;
			};
			name = Debug;
		};
		2ECCFA1B24C9D94F00912CB9 /* Release */ = {
			isa = XCBuildConfiguration;
			baseConfigurationReference = 26C3933CA077660B90832A2F /* Pods-Surveys-SurveysUITests.release.xcconfig */;
			buildSettings = {
				ALWAYS_EMBED_SWIFT_STANDARD_LIBRARIES = YES;
				CODE_SIGN_STYLE = Automatic;
				INFOPLIST_FILE = SurveysUITests/Info.plist;
				LD_RUNPATH_SEARCH_PATHS = (
					"$(inherited)",
					"@executable_path/Frameworks",
					"@loader_path/Frameworks",
				);
				PRODUCT_BUNDLE_IDENTIFIER = "Trung-Vo.SurveysUITests";
				PRODUCT_NAME = "$(TARGET_NAME)";
				SWIFT_VERSION = 5.0;
				TARGETED_DEVICE_FAMILY = "1,2";
				TEST_TARGET_NAME = Surveys;
			};
			name = Release;
		};
/* End XCBuildConfiguration section */

/* Begin XCConfigurationList section */
		2ECCF9E424C9D94E00912CB9 /* Build configuration list for PBXProject "Surveys" */ = {
			isa = XCConfigurationList;
			buildConfigurations = (
				2ECCFA1124C9D94F00912CB9 /* Debug */,
				2ECCFA1224C9D94F00912CB9 /* Release */,
			);
			defaultConfigurationIsVisible = 0;
			defaultConfigurationName = Release;
		};
		2ECCFA1324C9D94F00912CB9 /* Build configuration list for PBXNativeTarget "Surveys" */ = {
			isa = XCConfigurationList;
			buildConfigurations = (
				2ECCFA1424C9D94F00912CB9 /* Debug */,
				2ECCFA1524C9D94F00912CB9 /* Release */,
			);
			defaultConfigurationIsVisible = 0;
			defaultConfigurationName = Release;
		};
		2ECCFA1624C9D94F00912CB9 /* Build configuration list for PBXNativeTarget "SurveysTests" */ = {
			isa = XCConfigurationList;
			buildConfigurations = (
				2ECCFA1724C9D94F00912CB9 /* Debug */,
				2ECCFA1824C9D94F00912CB9 /* Release */,
			);
			defaultConfigurationIsVisible = 0;
			defaultConfigurationName = Release;
		};
		2ECCFA1924C9D94F00912CB9 /* Build configuration list for PBXNativeTarget "SurveysUITests" */ = {
			isa = XCConfigurationList;
			buildConfigurations = (
				2ECCFA1A24C9D94F00912CB9 /* Debug */,
				2ECCFA1B24C9D94F00912CB9 /* Release */,
			);
			defaultConfigurationIsVisible = 0;
			defaultConfigurationName = Release;
		};
/* End XCConfigurationList section */
	};
	rootObject = 2ECCF9E124C9D94E00912CB9 /* Project object */;
}
